
Microsoft Visual Studio Solution File, Format Version 12.00
# Visual Studio 2013
VisualStudioVersion = 12.0.20827.3
MinimumVisualStudioVersion = 10.0.40219.1
Project("{F088123C-0E9E-452A-89E6-6BA2F21D5CAC}") = "ModelingProject", "CrossCuttingLayer\ModelingProject\ModelingProject.modelproj", "{C46393A0-29AB-4E36-BDCB-7BE4E9849ED5}"
EndProject
Project("{FAE04EC0-301F-11D3-BF4B-00C04F79EFBC}") = "Domain", "DomainLayer\Domain\Domain.csproj", "{14A6D35D-4124-45F5-B962-AEC147178892}"
EndProject
Project("{FAE04EC0-301F-11D3-BF4B-00C04F79EFBC}") = "Application", "ApplicationLayer\Application\Application.csproj", "{A7714003-3A01-40CB-9177-9612FBACF735}"
EndProject
Project("{2150E333-8FDC-42A3-9474-1A3956D46DE8}") = ".nuget", ".nuget", "{9BC50E02-8D39-4D52-9153-10FEF48F8614}"
	ProjectSection(SolutionItems) = preProject
		.nuget\NuGet.Config = .nuget\NuGet.Config
		.nuget\NuGet.exe = .nuget\NuGet.exe
		.nuget\NuGet.targets = .nuget\NuGet.targets
	EndProjectSection
EndProject
Project("{FAE04EC0-301F-11D3-BF4B-00C04F79EFBC}") = "Presentation", "PresentationLayer\Presentation\Presentation.csproj", "{C22713D0-C493-412B-9680-7B18EC7327D6}"
EndProject
Project("{FAE04EC0-301F-11D3-BF4B-00C04F79EFBC}") = "Presentation.Tests", "PresentationLayer\Presentation.Tests\Presentation.Tests.csproj", "{72DFD774-5B5D-4ECD-BC23-3631B44B4D6E}"
EndProject
Project("{FAE04EC0-301F-11D3-BF4B-00C04F79EFBC}") = "Domain.Tests", "DomainLayer\Domain.Tests\Domain.Tests.csproj", "{8F59D70E-EAFA-4E48-AEE5-96BAA6261ACE}"
EndProject
Project("{2150E333-8FDC-42A3-9474-1A3956D46DE8}") = "PresentationLayer", "PresentationLayer", "{200F8818-A8D3-4CBE-968D-E32D0F0BED6D}"
EndProject
Project("{2150E333-8FDC-42A3-9474-1A3956D46DE8}") = "ApplicationLayer", "ApplicationLayer", "{FBC30485-5FB1-45C4-B24B-4B76962E34E1}"
EndProject
Project("{2150E333-8FDC-42A3-9474-1A3956D46DE8}") = "DomainLayer", "DomainLayer", "{5EDDDF88-2B18-48FD-9B7F-E80AD91A2AEA}"
EndProject
Project("{2150E333-8FDC-42A3-9474-1A3956D46DE8}") = "InfrastructureLayer", "InfrastructureLayer", "{E347736B-30BC-400E-8B2A-4648A63057B0}"
EndProject
Project("{2150E333-8FDC-42A3-9474-1A3956D46DE8}") = "CrossCuttingLayer", "CrossCuttingLayer", "{928B876A-D2F5-4B57-B6E5-D0E2F18BA568}"
EndProject
Project("{FAE04EC0-301F-11D3-BF4B-00C04F79EFBC}") = "Infrastructure", "InfrastructureLayer\Infrastructure\Infrastructure.csproj", "{BA1096A4-E462-4097-863C-917C15DEDE21}"
EndProject
Project("{FAE04EC0-301F-11D3-BF4B-00C04F79EFBC}") = "Application.Tests", "ApplicationLayer\Application.Tests\Application.Tests.csproj", "{F900AAF4-DBFA-46D3-9E35-1F4295FA8A44}"
EndProject
Project("{F2A71F9B-5D33-465A-A702-920D77279786}") = "Application.FinancialFunctions", "ApplicationLayer\Application.FinancialFunctions\Application.FinancialFunctions.fsproj", "{213B79A6-FDFA-4C28-BC91-7AF9C70C99F3}"
EndProject
Project("{FAE04EC0-301F-11D3-BF4B-00C04F79EFBC}") = "Presentation.Internal", "PresentationLayer\Presentation.Internal\Presentation.Internal.csproj", "{5D95675D-C0C0-49F1-9EED-6F76D2E5B743}"
	ProjectSection(ProjectDependencies) = postProject
		{BA1096A4-E462-4097-863C-917C15DEDE21} = {BA1096A4-E462-4097-863C-917C15DEDE21}
	EndProjectSection
EndProject
Project("{FAE04EC0-301F-11D3-BF4B-00C04F79EFBC}") = "Presentation.Internal.Tests", "Presentation.Internal.Tests\Presentation.Internal.Tests.csproj", "{5029CAE5-D005-4F88-ABF3-927AC00C0FFD}"
EndProject
Project("{FAE04EC0-301F-11D3-BF4B-00C04F79EFBC}") = "Auth", "CrossCuttingLayer\Auth\Auth.csproj", "{EC9C0E5A-3FC5-4A24-A28F-25B1810C381D}"
EndProject
Global
	GlobalSection(SolutionConfigurationPlatforms) = preSolution
		Debug|Any CPU = Debug|Any CPU
		Release|Any CPU = Release|Any CPU
	EndGlobalSection
	GlobalSection(ProjectConfigurationPlatforms) = postSolution
		{C46393A0-29AB-4E36-BDCB-7BE4E9849ED5}.Debug|Any CPU.ActiveCfg = Debug|Any CPU
		{C46393A0-29AB-4E36-BDCB-7BE4E9849ED5}.Debug|Any CPU.Build.0 = Debug|Any CPU
		{C46393A0-29AB-4E36-BDCB-7BE4E9849ED5}.Release|Any CPU.ActiveCfg = Release|Any CPU
		{C46393A0-29AB-4E36-BDCB-7BE4E9849ED5}.Release|Any CPU.Build.0 = Release|Any CPU
		{14A6D35D-4124-45F5-B962-AEC147178892}.Debug|Any CPU.ActiveCfg = Debug|Any CPU
		{14A6D35D-4124-45F5-B962-AEC147178892}.Debug|Any CPU.Build.0 = Debug|Any CPU
		{14A6D35D-4124-45F5-B962-AEC147178892}.Release|Any CPU.ActiveCfg = Release|Any CPU
		{14A6D35D-4124-45F5-B962-AEC147178892}.Release|Any CPU.Build.0 = Release|Any CPU
		{A7714003-3A01-40CB-9177-9612FBACF735}.Debug|Any CPU.ActiveCfg = Debug|Any CPU
		{A7714003-3A01-40CB-9177-9612FBACF735}.Debug|Any CPU.Build.0 = Debug|Any CPU
		{A7714003-3A01-40CB-9177-9612FBACF735}.Release|Any CPU.ActiveCfg = Release|Any CPU
		{A7714003-3A01-40CB-9177-9612FBACF735}.Release|Any CPU.Build.0 = Release|Any CPU
		{C22713D0-C493-412B-9680-7B18EC7327D6}.Debug|Any CPU.ActiveCfg = Debug|Any CPU
		{C22713D0-C493-412B-9680-7B18EC7327D6}.Debug|Any CPU.Build.0 = Debug|Any CPU
		{C22713D0-C493-412B-9680-7B18EC7327D6}.Release|Any CPU.ActiveCfg = Release|Any CPU
		{C22713D0-C493-412B-9680-7B18EC7327D6}.Release|Any CPU.Build.0 = Release|Any CPU
		{72DFD774-5B5D-4ECD-BC23-3631B44B4D6E}.Debug|Any CPU.ActiveCfg = Debug|Any CPU
		{72DFD774-5B5D-4ECD-BC23-3631B44B4D6E}.Debug|Any CPU.Build.0 = Debug|Any CPU
		{72DFD774-5B5D-4ECD-BC23-3631B44B4D6E}.Release|Any CPU.ActiveCfg = Release|Any CPU
		{72DFD774-5B5D-4ECD-BC23-3631B44B4D6E}.Release|Any CPU.Build.0 = Release|Any CPU
		{8F59D70E-EAFA-4E48-AEE5-96BAA6261ACE}.Debug|Any CPU.ActiveCfg = Debug|Any CPU
		{8F59D70E-EAFA-4E48-AEE5-96BAA6261ACE}.Debug|Any CPU.Build.0 = Debug|Any CPU
		{8F59D70E-EAFA-4E48-AEE5-96BAA6261ACE}.Release|Any CPU.ActiveCfg = Release|Any CPU
		{8F59D70E-EAFA-4E48-AEE5-96BAA6261ACE}.Release|Any CPU.Build.0 = Release|Any CPU
		{BA1096A4-E462-4097-863C-917C15DEDE21}.Debug|Any CPU.ActiveCfg = Debug|Any CPU
		{BA1096A4-E462-4097-863C-917C15DEDE21}.Debug|Any CPU.Build.0 = Debug|Any CPU
		{BA1096A4-E462-4097-863C-917C15DEDE21}.Release|Any CPU.ActiveCfg = Release|Any CPU
		{BA1096A4-E462-4097-863C-917C15DEDE21}.Release|Any CPU.Build.0 = Release|Any CPU
		{F900AAF4-DBFA-46D3-9E35-1F4295FA8A44}.Debug|Any CPU.ActiveCfg = Debug|Any CPU
		{F900AAF4-DBFA-46D3-9E35-1F4295FA8A44}.Debug|Any CPU.Build.0 = Debug|Any CPU
		{F900AAF4-DBFA-46D3-9E35-1F4295FA8A44}.Release|Any CPU.ActiveCfg = Release|Any CPU
		{F900AAF4-DBFA-46D3-9E35-1F4295FA8A44}.Release|Any CPU.Build.0 = Release|Any CPU
		{213B79A6-FDFA-4C28-BC91-7AF9C70C99F3}.Debug|Any CPU.ActiveCfg = Debug|Any CPU
		{213B79A6-FDFA-4C28-BC91-7AF9C70C99F3}.Debug|Any CPU.Build.0 = Debug|Any CPU
		{213B79A6-FDFA-4C28-BC91-7AF9C70C99F3}.Release|Any CPU.ActiveCfg = Release|Any CPU
		{213B79A6-FDFA-4C28-BC91-7AF9C70C99F3}.Release|Any CPU.Build.0 = Release|Any CPU
		{5D95675D-C0C0-49F1-9EED-6F76D2E5B743}.Debug|Any CPU.ActiveCfg = Debug|Any CPU
		{5D95675D-C0C0-49F1-9EED-6F76D2E5B743}.Debug|Any CPU.Build.0 = Debug|Any CPU
		{5D95675D-C0C0-49F1-9EED-6F76D2E5B743}.Release|Any CPU.ActiveCfg = Release|Any CPU
		{5D95675D-C0C0-49F1-9EED-6F76D2E5B743}.Release|Any CPU.Build.0 = Release|Any CPU
		{5029CAE5-D005-4F88-ABF3-927AC00C0FFD}.Debug|Any CPU.ActiveCfg = Debug|Any CPU
		{5029CAE5-D005-4F88-ABF3-927AC00C0FFD}.Debug|Any CPU.Build.0 = Debug|Any CPU
		{5029CAE5-D005-4F88-ABF3-927AC00C0FFD}.Release|Any CPU.ActiveCfg = Release|Any CPU
		{5029CAE5-D005-4F88-ABF3-927AC00C0FFD}.Release|Any CPU.Build.0 = Release|Any CPU
		{EC9C0E5A-3FC5-4A24-A28F-25B1810C381D}.Debug|Any CPU.ActiveCfg = Debug|Any CPU
		{EC9C0E5A-3FC5-4A24-A28F-25B1810C381D}.Debug|Any CPU.Build.0 = Debug|Any CPU
		{EC9C0E5A-3FC5-4A24-A28F-25B1810C381D}.Release|Any CPU.ActiveCfg = Release|Any CPU
		{EC9C0E5A-3FC5-4A24-A28F-25B1810C381D}.Release|Any CPU.Build.0 = Release|Any CPU
	EndGlobalSection
	GlobalSection(SolutionProperties) = preSolution
		HideSolutionNode = FALSE
	EndGlobalSection
	GlobalSection(NestedProjects) = preSolution
		{C46393A0-29AB-4E36-BDCB-7BE4E9849ED5} = {928B876A-D2F5-4B57-B6E5-D0E2F18BA568}
		{EC9C0E5A-3FC5-4A24-A28F-25B1810C381D} = {928B876A-D2F5-4B57-B6E5-D0E2F18BA568}
		{8F59D70E-EAFA-4E48-AEE5-96BAA6261ACE} = {5EDDDF88-2B18-48FD-9B7F-E80AD91A2AEA}
		{14A6D35D-4124-45F5-B962-AEC147178892} = {5EDDDF88-2B18-48FD-9B7F-E80AD91A2AEA}
		{A7714003-3A01-40CB-9177-9612FBACF735} = {FBC30485-5FB1-45C4-B24B-4B76962E34E1}
		{F900AAF4-DBFA-46D3-9E35-1F4295FA8A44} = {FBC30485-5FB1-45C4-B24B-4B76962E34E1}
		{213B79A6-FDFA-4C28-BC91-7AF9C70C99F3} = {FBC30485-5FB1-45C4-B24B-4B76962E34E1}
		{72DFD774-5B5D-4ECD-BC23-3631B44B4D6E} = {200F8818-A8D3-4CBE-968D-E32D0F0BED6D}
		{C22713D0-C493-412B-9680-7B18EC7327D6} = {200F8818-A8D3-4CBE-968D-E32D0F0BED6D}
		{5D95675D-C0C0-49F1-9EED-6F76D2E5B743} = {200F8818-A8D3-4CBE-968D-E32D0F0BED6D}
		{5029CAE5-D005-4F88-ABF3-927AC00C0FFD} = {200F8818-A8D3-4CBE-968D-E32D0F0BED6D}
		{BA1096A4-E462-4097-863C-917C15DEDE21} = {E347736B-30BC-400E-8B2A-4648A63057B0}
	EndGlobalSection
EndGlobal
